<?xml version="1.0" encoding="utf-8"?>
<Project ToolsVersion="4.0" xmlns="http://schemas.microsoft.com/developer/msbuild/2003">
  <ItemGroup>
    <Filter Include="ソース ファイル">
      <UniqueIdentifier>{4FC737F1-C7A5-4376-A066-2A32D752A2FF}</UniqueIdentifier>
      <Extensions>cpp;c;cc;cxx;def;odl;idl;hpj;bat;asm;asmx</Extensions>
    </Filter>
    <Filter Include="ヘッダー ファイル">
      <UniqueIdentifier>{93995380-89BD-4b04-88EB-625FBE52EBFB}</UniqueIdentifier>
      <Extensions>h;hh;hpp;hxx;hm;inl;inc;xsd</Extensions>
    </Filter>
    <Filter Include="リソース ファイル">
      <UniqueIdentifier>{67DA6AB6-F800-4c08-8B7A-83BB121AAD01}</UniqueIdentifier>
      <Extensions>rc;ico;cur;bmp;dlg;rc2;rct;bin;rgs;gif;jpg;jpeg;jpe;resx;tiff;tif;png;wav;mfcribbon-ms</Extensions>
    </Filter>
    <Filter Include="ソース ファイル\Engine">
      <UniqueIdentifier>{31451141-7c45-4010-a4d8-6a42c07a8cc1}</UniqueIdentifier>
    </Filter>
    <Filter Include="ソース ファイル\Engine\Class">
      <UniqueIdentifier>{a4e7c9d1-506b-472b-bdc1-d2b6557ad4d3}</UniqueIdentifier>
    </Filter>
    <Filter Include="ソース ファイル\Engine\Internal">
      <UniqueIdentifier>{4cdf8923-b884-4940-b126-90954f77f205}</UniqueIdentifier>
    </Filter>
    <Filter Include="ソース ファイル\Engine\System">
      <UniqueIdentifier>{7c2315e3-02a6-4a37-a0b1-b010064e67ca}</UniqueIdentifier>
    </Filter>
    <Filter Include="ヘッダー ファイル\Engine">
      <UniqueIdentifier>{35b1cc4a-122b-4403-8a3c-f58725c5fc37}</UniqueIdentifier>
    </Filter>
    <Filter Include="ヘッダー ファイル\Engine\System">
      <UniqueIdentifier>{9aeb6514-da1b-4f15-8aff-919d66859202}</UniqueIdentifier>
    </Filter>
    <Filter Include="ヘッダー ファイル\Engine\Class">
      <UniqueIdentifier>{81d88d5e-29ff-490d-b342-6c1c968dee63}</UniqueIdentifier>
    </Filter>
    <Filter Include="ヘッダー ファイル\Engine\Internal">
      <UniqueIdentifier>{eb4017fe-07af-4ee1-b675-b591b2aae101}</UniqueIdentifier>
    </Filter>
    <Filter Include="ソース ファイル\Engine\3DWorld">
      <UniqueIdentifier>{f0bbefa4-ab5f-4bce-9e7d-7ebcac1fad79}</UniqueIdentifier>
    </Filter>
    <Filter Include="ヘッダー ファイル\Engine\3DWorld">
      <UniqueIdentifier>{a1cc6b5a-3212-4879-b4dd-f631c2440900}</UniqueIdentifier>
    </Filter>
    <Filter Include="ソース ファイル\Assets">
      <UniqueIdentifier>{48eb6d87-f43e-4a8e-be2d-48771ee551e2}</UniqueIdentifier>
    </Filter>
    <Filter Include="ヘッダー ファイル\Assets">
      <UniqueIdentifier>{6d7545aa-129c-462b-b82b-5b2fd3d43287}</UniqueIdentifier>
    </Filter>
    <Filter Include="ヘッダー ファイル\Engine\Geometry">
      <UniqueIdentifier>{96f64e4c-6607-4c54-834e-a0faf11b0d65}</UniqueIdentifier>
    </Filter>
    <Filter Include="ソース ファイル\Engine\Geometry">
      <UniqueIdentifier>{d0abcb5c-f82f-471a-ae13-2cb8a68ce600}</UniqueIdentifier>
    </Filter>
  </ItemGroup>
  <ItemGroup>
    <ClCompile Include="Engine\Class\CAnimetion.cpp">
      <Filter>ソース ファイル\Engine\Class</Filter>
    </ClCompile>
    <ClCompile Include="Engine\Class\CGameObject.cpp">
      <Filter>ソース ファイル\Engine\Class</Filter>
    </ClCompile>
    <ClCompile Include="Engine\Class\CRender.cpp">
      <Filter>ソース ファイル\Engine\Class</Filter>
    </ClCompile>
    <ClCompile Include="Engine\Class\CTexture.cpp">
      <Filter>ソース ファイル\Engine\Class</Filter>
    </ClCompile>
    <ClCompile Include="Engine\Class\CTransform.cpp">
      <Filter>ソース ファイル\Engine\Class</Filter>
    </ClCompile>
    <ClCompile Include="Engine\Class\CUI.cpp">
      <Filter>ソース ファイル\Engine\Class</Filter>
    </ClCompile>
    <ClCompile Include="Engine\Internal\Animetion.cpp">
      <Filter>ソース ファイル\Engine\Internal</Filter>
    </ClCompile>
    <ClCompile Include="Engine\Internal\Collision.cpp">
      <Filter>ソース ファイル\Engine\Internal</Filter>
    </ClCompile>
    <ClCompile Include="Engine\Internal\Component.cpp">
      <Filter>ソース ファイル\Engine\Internal</Filter>
    </ClCompile>
    <ClCompile Include="Engine\Internal\Fade.cpp">
      <Filter>ソース ファイル\Engine\Internal</Filter>
    </ClCompile>
    <ClCompile Include="Engine\Internal\Sprite.cpp">
      <Filter>ソース ファイル\Engine\Internal</Filter>
    </ClCompile>
    <ClCompile Include="Engine\Internal\Texture.cpp">
      <Filter>ソース ファイル\Engine\Internal</Filter>
    </ClCompile>
    <ClCompile Include="Engine\System\Debug_Circle.cpp">
      <Filter>ソース ファイル\Engine\System</Filter>
    </ClCompile>
    <ClCompile Include="Engine\System\Debug_font.cpp">
      <Filter>ソース ファイル\Engine\System</Filter>
    </ClCompile>
    <ClCompile Include="Engine\System\FileData.cpp">
      <Filter>ソース ファイル\Engine\System</Filter>
    </ClCompile>
    <ClCompile Include="Engine\System\Input.cpp">
      <Filter>ソース ファイル\Engine\System</Filter>
    </ClCompile>
    <ClCompile Include="Engine\System\sound.cpp">
      <Filter>ソース ファイル\Engine\System</Filter>
    </ClCompile>
    <ClCompile Include="Engine\System\System.cpp">
      <Filter>ソース ファイル\Engine\System</Filter>
    </ClCompile>
    <ClCompile Include="Engine\System\system_timer.cpp">
      <Filter>ソース ファイル\Engine\System</Filter>
    </ClCompile>
    <ClCompile Include="Engine\UnImplemented\MtxTransform.cpp">
      <Filter>ソース ファイル\Engine\3DWorld</Filter>
    </ClCompile>
    <ClCompile Include="Engine\Geometry\Cube.cpp">
      <Filter>ソース ファイル\Engine\Geometry</Filter>
    </ClCompile>
    <ClCompile Include="Engine\Geometry\Grid.cpp">
      <Filter>ソース ファイル\Engine\Geometry</Filter>
    </ClCompile>
    <ClCompile Include="Engine\Class\CSprite.cpp">
      <Filter>ソース ファイル\Engine\Class</Filter>
    </ClCompile>
    <ClCompile Include="Source\main.cpp">
      <Filter>ソース ファイル</Filter>
    </ClCompile>
  </ItemGroup>
  <ItemGroup>
    <ClInclude Include="Engine\UnImplemented\MtxTransform.h">
      <Filter>ヘッダー ファイル\Engine\3DWorld</Filter>
    </ClInclude>
    <ClInclude Include="Engine\Class\CAnimetion.h">
      <Filter>ヘッダー ファイル\Engine\Class</Filter>
    </ClInclude>
    <ClInclude Include="Engine\Class\CGameObject.h">
      <Filter>ヘッダー ファイル\Engine\Class</Filter>
    </ClInclude>
    <ClInclude Include="Engine\Class\CRender.h">
      <Filter>ヘッダー ファイル\Engine\Class</Filter>
    </ClInclude>
    <ClInclude Include="Engine\Class\CTexture.h">
      <Filter>ヘッダー ファイル\Engine\Class</Filter>
    </ClInclude>
    <ClInclude Include="Engine\Class\CTransform.h">
      <Filter>ヘッダー ファイル\Engine\Class</Filter>
    </ClInclude>
    <ClInclude Include="Engine\Class\CUI.h">
      <Filter>ヘッダー ファイル\Engine\Class</Filter>
    </ClInclude>
    <ClInclude Include="Engine\Internal\Animetion.h">
      <Filter>ヘッダー ファイル\Engine\Internal</Filter>
    </ClInclude>
    <ClInclude Include="Engine\Internal\Collision.h">
      <Filter>ヘッダー ファイル\Engine\Internal</Filter>
    </ClInclude>
    <ClInclude Include="Engine\Internal\Component.h">
      <Filter>ヘッダー ファイル\Engine\Internal</Filter>
    </ClInclude>
    <ClInclude Include="Engine\Internal\Fade.h">
      <Filter>ヘッダー ファイル\Engine\Internal</Filter>
    </ClInclude>
    <ClInclude Include="Engine\Internal\Sprite.h">
      <Filter>ヘッダー ファイル\Engine\Internal</Filter>
    </ClInclude>
    <ClInclude Include="Engine\Internal\Texture.h">
      <Filter>ヘッダー ファイル\Engine\Internal</Filter>
    </ClInclude>
    <ClInclude Include="Engine\System\Debug_Circle.h">
      <Filter>ヘッダー ファイル\Engine\System</Filter>
    </ClInclude>
    <ClInclude Include="Engine\System\Debug_font.h">
      <Filter>ヘッダー ファイル\Engine\System</Filter>
    </ClInclude>
    <ClInclude Include="Engine\System\FileData.h">
      <Filter>ヘッダー ファイル\Engine\System</Filter>
    </ClInclude>
    <ClInclude Include="Engine\System\input.h">
      <Filter>ヘッダー ファイル\Engine\System</Filter>
    </ClInclude>
    <ClInclude Include="Engine\System\sound.h">
      <Filter>ヘッダー ファイル\Engine\System</Filter>
    </ClInclude>
    <ClInclude Include="Engine\System\System.h">
      <Filter>ヘッダー ファイル\Engine\System</Filter>
    </ClInclude>
    <ClInclude Include="Engine\System\system_timer.h">
      <Filter>ヘッダー ファイル\Engine\System</Filter>
    </ClInclude>
    <ClInclude Include="Engine\Geometry\Cube.h">
      <Filter>ヘッダー ファイル\Engine\Geometry</Filter>
    </ClInclude>
    <ClInclude Include="Engine\Geometry\Grid.h">
      <Filter>ヘッダー ファイル\Engine\Geometry</Filter>
    </ClInclude>
    <ClInclude Include="Engine\Class\CSprite.h">
      <Filter>ヘッダー ファイル\Engine\Class</Filter>
    </ClInclude>
    <ClInclude Include="Source\Camera.h">
      <Filter>ヘッダー ファイル</Filter>
    </ClInclude>
    <ClInclude Include="Source\common.h">
      <Filter>ヘッダー ファイル</Filter>
    </ClInclude>
  </ItemGroup>
</Project>